
Microsoft Visual Studio Solution File, Format Version 12.00
# Visual Studio Version 17
VisualStudioVersion = 17.6.33815.320
MinimumVisualStudioVersion = 10.0.40219.1
Project("{FAE04EC0-301F-11D3-BF4B-00C04F79EFBC}") = "TaskManagementSystem", "TaskManagementSystem\TaskManagementSystem.csproj", "{3639A912-855B-4869-962C-603CEFA4C591}"
EndProject
Project("{FAE04EC0-301F-11D3-BF4B-00C04F79EFBC}") = "TaskManagementSystem.DAL", "TaskManagementSystem.DAL\TaskManagementSystem.DAL.csproj", "{8AFC26F7-521B-4E91-8F01-261A2AD41FAE}"
EndProject
Project("{FAE04EC0-301F-11D3-BF4B-00C04F79EFBC}") = "TaskManagementSystem.BLL", "TaskManagementSystem.BLL\TaskManagementSystem.BLL.csproj", "{9F042D64-CCCE-495B-B15E-CDD6DF5EF5D0}"
EndProject
Project("{FAE04EC0-301F-11D3-BF4B-00C04F79EFBC}") = "TaskManagementSystem.Common", "TaskManagementSystem.Common\TaskManagementSystem.Common.csproj", "{C7ABAFD6-11B4-49D2-8477-756B9DA7BFDC}"
EndProject
Project("{FAE04EC0-301F-11D3-BF4B-00C04F79EFBC}") = "TaskManagementSystem.UnitTesting", "TaskManagementSystem.UnitTesting\TaskManagementSystem.UnitTesting.csproj", "{51FA09B0-AA74-4E7E-BE6F-7BA007AA649E}"
EndProject
Global
	GlobalSection(SolutionConfigurationPlatforms) = preSolution
		Debug|Any CPU = Debug|Any CPU
		Release|Any CPU = Release|Any CPU
	EndGlobalSection
	GlobalSection(ProjectConfigurationPlatforms) = postSolution
		{3639A912-855B-4869-962C-603CEFA4C591}.Debug|Any CPU.ActiveCfg = Debug|Any CPU
		{3639A912-855B-4869-962C-603CEFA4C591}.Debug|Any CPU.Build.0 = Debug|Any CPU
		{3639A912-855B-4869-962C-603CEFA4C591}.Release|Any CPU.ActiveCfg = Release|Any CPU
		{3639A912-855B-4869-962C-603CEFA4C591}.Release|Any CPU.Build.0 = Release|Any CPU
		{8AFC26F7-521B-4E91-8F01-261A2AD41FAE}.Debug|Any CPU.ActiveCfg = Debug|Any CPU
		{8AFC26F7-521B-4E91-8F01-261A2AD41FAE}.Debug|Any CPU.Build.0 = Debug|Any CPU
		{8AFC26F7-521B-4E91-8F01-261A2AD41FAE}.Release|Any CPU.ActiveCfg = Release|Any CPU
		{8AFC26F7-521B-4E91-8F01-261A2AD41FAE}.Release|Any CPU.Build.0 = Release|Any CPU
		{9F042D64-CCCE-495B-B15E-CDD6DF5EF5D0}.Debug|Any CPU.ActiveCfg = Debug|Any CPU
		{9F042D64-CCCE-495B-B15E-CDD6DF5EF5D0}.Debug|Any CPU.Build.0 = Debug|Any CPU
		{9F042D64-CCCE-495B-B15E-CDD6DF5EF5D0}.Release|Any CPU.ActiveCfg = Release|Any CPU
		{9F042D64-CCCE-495B-B15E-CDD6DF5EF5D0}.Release|Any CPU.Build.0 = Release|Any CPU
		{C7ABAFD6-11B4-49D2-8477-756B9DA7BFDC}.Debug|Any CPU.ActiveCfg = Debug|Any CPU
		{C7ABAFD6-11B4-49D2-8477-756B9DA7BFDC}.Debug|Any CPU.Build.0 = Debug|Any CPU
		{C7ABAFD6-11B4-49D2-8477-756B9DA7BFDC}.Release|Any CPU.ActiveCfg = Release|Any CPU
		{C7ABAFD6-11B4-49D2-8477-756B9DA7BFDC}.Release|Any CPU.Build.0 = Release|Any CPU
		{51FA09B0-AA74-4E7E-BE6F-7BA007AA649E}.Debug|Any CPU.ActiveCfg = Debug|Any CPU
		{51FA09B0-AA74-4E7E-BE6F-7BA007AA649E}.Debug|Any CPU.Build.0 = Debug|Any CPU
		{51FA09B0-AA74-4E7E-BE6F-7BA007AA649E}.Release|Any CPU.ActiveCfg = Release|Any CPU
		{51FA09B0-AA74-4E7E-BE6F-7BA007AA649E}.Release|Any CPU.Build.0 = Release|Any CPU
	EndGlobalSection
	GlobalSection(SolutionProperties) = preSolution
		HideSolutionNode = FALSE
	EndGlobalSection
	GlobalSection(ExtensibilityGlobals) = postSolution
		SolutionGuid = {D9D68BDF-13FF-46A6-AD0D-4E57A76C0D20}
	EndGlobalSection
EndGlobal
